
Microsoft Visual Studio Solution File, Format Version 12.00
# Visual Studio Version 17
VisualStudioVersion = 17.5.002.0
MinimumVisualStudioVersion = 10.0.40219.1
Project("{9A19103F-16F7-4668-BE54-9A1E7A4F7556}") = "GBGame", "GBGame.csproj", "{D1E38C96-74F5-49D2-A1C6-97143549C8EB}"
EndProject
Project("{FAE04EC0-301F-11D3-BF4B-00C04F79EFBC}") = "MonoGayme", "..\..\MonoGayme\MonoGayme\MonoGayme.csproj", "{88413846-393C-404D-A20D-443DEE44E81D}"
EndProject
Global
	GlobalSection(SolutionConfigurationPlatforms) = preSolution
		Debug|Any CPU = Debug|Any CPU
		Release|Any CPU = Release|Any CPU
	EndGlobalSection
	GlobalSection(ProjectConfigurationPlatforms) = postSolution
		{D1E38C96-74F5-49D2-A1C6-97143549C8EB}.Debug|Any CPU.ActiveCfg = Debug|Any CPU
		{D1E38C96-74F5-49D2-A1C6-97143549C8EB}.Debug|Any CPU.Build.0 = Debug|Any CPU
		{D1E38C96-74F5-49D2-A1C6-97143549C8EB}.Release|Any CPU.ActiveCfg = Release|Any CPU
		{D1E38C96-74F5-49D2-A1C6-97143549C8EB}.Release|Any CPU.Build.0 = Release|Any CPU
		{88413846-393C-404D-A20D-443DEE44E81D}.Debug|Any CPU.ActiveCfg = Debug|Any CPU
		{88413846-393C-404D-A20D-443DEE44E81D}.Debug|Any CPU.Build.0 = Debug|Any CPU
		{88413846-393C-404D-A20D-443DEE44E81D}.Release|Any CPU.ActiveCfg = Release|Any CPU
		{88413846-393C-404D-A20D-443DEE44E81D}.Release|Any CPU.Build.0 = Release|Any CPU
	EndGlobalSection
	GlobalSection(SolutionProperties) = preSolution
		HideSolutionNode = FALSE
	EndGlobalSection
	GlobalSection(ExtensibilityGlobals) = postSolution
		SolutionGuid = {8CFE37B2-5E0E-45A7-879F-93F7B2EA9DD8}
	EndGlobalSection
EndGlobal
